// !$*UTF8*$!
{
	archiveVersion = 1;
	classes = {
	};
	objectVersion = 51;
	objects = {

/* Begin PBXBuildFile section */
		3397BE30C6C575C1BD7F2CF8 /* Pods_PhotoApp.framework in Frameworks */ = {isa = PBXBuildFile; fileRef = 5BCDFC62858D2CF48236EDB1 /* Pods_PhotoApp.framework */; };
		7602D4852327A3D100FA9A05 /* AppDelegate.swift in Sources */ = {isa = PBXBuildFile; fileRef = 7602D4842327A3D100FA9A05 /* AppDelegate.swift */; };
		7602D4872327A3D100FA9A05 /* ViewController.swift in Sources */ = {isa = PBXBuildFile; fileRef = 7602D4862327A3D100FA9A05 /* ViewController.swift */; };
		7602D48A2327A3D100FA9A05 /* Main.storyboard in Resources */ = {isa = PBXBuildFile; fileRef = 7602D4882327A3D100FA9A05 /* Main.storyboard */; };
		7602D48C2327A3D300FA9A05 /* Assets.xcassets in Resources */ = {isa = PBXBuildFile; fileRef = 7602D48B2327A3D300FA9A05 /* Assets.xcassets */; };
		7602D48F2327A3D300FA9A05 /* LaunchScreen.storyboard in Resources */ = {isa = PBXBuildFile; fileRef = 7602D48D2327A3D300FA9A05 /* LaunchScreen.storyboard */; };
		7602D49A2327A3D300FA9A05 /* PhotoAppTests.swift in Sources */ = {isa = PBXBuildFile; fileRef = 7602D4992327A3D300FA9A05 /* PhotoAppTests.swift */; };
		7602D4A52327A3D300FA9A05 /* PhotoAppUITests.swift in Sources */ = {isa = PBXBuildFile; fileRef = 7602D4A42327A3D300FA9A05 /* PhotoAppUITests.swift */; };
		7602D4C02327AD2A00FA9A05 /* GoogleService-Info.plist in Resources */ = {isa = PBXBuildFile; fileRef = 7602D4BF2327AD2A00FA9A05 /* GoogleService-Info.plist */; };
		7602D4C12327AD2A00FA9A05 /* GoogleService-Info.plist in Resources */ = {isa = PBXBuildFile; fileRef = 7602D4BF2327AD2A00FA9A05 /* GoogleService-Info.plist */; };
		7602D4C22327AD2A00FA9A05 /* GoogleService-Info.plist in Resources */ = {isa = PBXBuildFile; fileRef = 7602D4BF2327AD2A00FA9A05 /* GoogleService-Info.plist */; };
		7602D4CD2327BC3400FA9A05 /* LoginViewController.swift in Sources */ = {isa = PBXBuildFile; fileRef = 7602D4CB2327BC3400FA9A05 /* LoginViewController.swift */; };
		7602D4CE2327BC3400FA9A05 /* LoginViewController.swift in Sources */ = {isa = PBXBuildFile; fileRef = 7602D4CB2327BC3400FA9A05 /* LoginViewController.swift */; };
		7602D4CF2327BC3400FA9A05 /* LoginViewController.swift in Sources */ = {isa = PBXBuildFile; fileRef = 7602D4CB2327BC3400FA9A05 /* LoginViewController.swift */; };
		7602D4D02327BC3400FA9A05 /* LoginViewController.xib in Resources */ = {isa = PBXBuildFile; fileRef = 7602D4CC2327BC3400FA9A05 /* LoginViewController.xib */; };
		7602D4D12327BC3400FA9A05 /* LoginViewController.xib in Resources */ = {isa = PBXBuildFile; fileRef = 7602D4CC2327BC3400FA9A05 /* LoginViewController.xib */; };
		7602D4D22327BC3400FA9A05 /* LoginViewController.xib in Resources */ = {isa = PBXBuildFile; fileRef = 7602D4CC2327BC3400FA9A05 /* LoginViewController.xib */; };
		7602D4D72327C95400FA9A05 /* CreateAccountViewController.swift in Sources */ = {isa = PBXBuildFile; fileRef = 7602D4D52327C95400FA9A05 /* CreateAccountViewController.swift */; };
		7602D4D82327C95400FA9A05 /* CreateAccountViewController.swift in Sources */ = {isa = PBXBuildFile; fileRef = 7602D4D52327C95400FA9A05 /* CreateAccountViewController.swift */; };
		7602D4D92327C95400FA9A05 /* CreateAccountViewController.swift in Sources */ = {isa = PBXBuildFile; fileRef = 7602D4D52327C95400FA9A05 /* CreateAccountViewController.swift */; };
		7602D4DA2327C95400FA9A05 /* CreateAccountViewController.xib in Resources */ = {isa = PBXBuildFile; fileRef = 7602D4D62327C95400FA9A05 /* CreateAccountViewController.xib */; };
		7602D4DB2327C95400FA9A05 /* CreateAccountViewController.xib in Resources */ = {isa = PBXBuildFile; fileRef = 7602D4D62327C95400FA9A05 /* CreateAccountViewController.xib */; };
		7602D4DC2327C95400FA9A05 /* CreateAccountViewController.xib in Resources */ = {isa = PBXBuildFile; fileRef = 7602D4D62327C95400FA9A05 /* CreateAccountViewController.xib */; };
		7602D4EA2327E54900FA9A05 /* TimeLineViewController.swift in Sources */ = {isa = PBXBuildFile; fileRef = 7602D4E82327E54900FA9A05 /* TimeLineViewController.swift */; };
		7602D4EB2327E54900FA9A05 /* TimeLineViewController.swift in Sources */ = {isa = PBXBuildFile; fileRef = 7602D4E82327E54900FA9A05 /* TimeLineViewController.swift */; };
		7602D4EC2327E54900FA9A05 /* TimeLineViewController.swift in Sources */ = {isa = PBXBuildFile; fileRef = 7602D4E82327E54900FA9A05 /* TimeLineViewController.swift */; };
		7602D4ED2327E54900FA9A05 /* TimeLineViewController.xib in Resources */ = {isa = PBXBuildFile; fileRef = 7602D4E92327E54900FA9A05 /* TimeLineViewController.xib */; };
		7602D4EE2327E54900FA9A05 /* TimeLineViewController.xib in Resources */ = {isa = PBXBuildFile; fileRef = 7602D4E92327E54900FA9A05 /* TimeLineViewController.xib */; };
		7602D4EF2327E54900FA9A05 /* TimeLineViewController.xib in Resources */ = {isa = PBXBuildFile; fileRef = 7602D4E92327E54900FA9A05 /* TimeLineViewController.xib */; };
		7602D4F62327E56B00FA9A05 /* OtherViewController.swift in Sources */ = {isa = PBXBuildFile; fileRef = 7602D4F42327E56B00FA9A05 /* OtherViewController.swift */; };
		7602D4F92327E56B00FA9A05 /* OtherViewController.xib in Resources */ = {isa = PBXBuildFile; fileRef = 7602D4F52327E56B00FA9A05 /* OtherViewController.xib */; };
		7602D4FA2327E56B00FA9A05 /* OtherViewController.xib in Resources */ = {isa = PBXBuildFile; fileRef = 7602D4F52327E56B00FA9A05 /* OtherViewController.xib */; };
		7602D4FB2327E56B00FA9A05 /* OtherViewController.xib in Resources */ = {isa = PBXBuildFile; fileRef = 7602D4F52327E56B00FA9A05 /* OtherViewController.xib */; };
		7602D50E2327EC8700FA9A05 /* MainViewController.swift in Sources */ = {isa = PBXBuildFile; fileRef = 7602D50C2327EC8700FA9A05 /* MainViewController.swift */; };
		7602D50F2327EC8700FA9A05 /* MainViewController.swift in Sources */ = {isa = PBXBuildFile; fileRef = 7602D50C2327EC8700FA9A05 /* MainViewController.swift */; };
		7602D5102327EC8700FA9A05 /* MainViewController.swift in Sources */ = {isa = PBXBuildFile; fileRef = 7602D50C2327EC8700FA9A05 /* MainViewController.swift */; };
		7602D5112327EC8700FA9A05 /* MainViewController.xib in Resources */ = {isa = PBXBuildFile; fileRef = 7602D50D2327EC8700FA9A05 /* MainViewController.xib */; };
		7602D5122327EC8700FA9A05 /* MainViewController.xib in Resources */ = {isa = PBXBuildFile; fileRef = 7602D50D2327EC8700FA9A05 /* MainViewController.xib */; };
		7602D5132327EC8700FA9A05 /* MainViewController.xib in Resources */ = {isa = PBXBuildFile; fileRef = 7602D50D2327EC8700FA9A05 /* MainViewController.xib */; };
		7605D2BF233B62290054031C /* CachedImageView.swift in Sources */ = {isa = PBXBuildFile; fileRef = 7605D2BE233B62290054031C /* CachedImageView.swift */; };
		7605D2C0233B62290054031C /* CachedImageView.swift in Sources */ = {isa = PBXBuildFile; fileRef = 7605D2BE233B62290054031C /* CachedImageView.swift */; };
		7605D2C1233B62290054031C /* CachedImageView.swift in Sources */ = {isa = PBXBuildFile; fileRef = 7605D2BE233B62290054031C /* CachedImageView.swift */; };
		760B6E122355EB4700A57C34 /* UITableViewCellExtention.swift in Sources */ = {isa = PBXBuildFile; fileRef = 760B6E112355EB4700A57C34 /* UITableViewCellExtention.swift */; };
		760E715C2345E99C005FAE30 /* PhotoTableViewCell.swift in Sources */ = {isa = PBXBuildFile; fileRef = 760E715A2345E99C005FAE30 /* PhotoTableViewCell.swift */; };
		760E715D2345E99C005FAE30 /* PhotoTableViewCell.swift in Sources */ = {isa = PBXBuildFile; fileRef = 760E715A2345E99C005FAE30 /* PhotoTableViewCell.swift */; };
		760E715E2345E99C005FAE30 /* PhotoTableViewCell.swift in Sources */ = {isa = PBXBuildFile; fileRef = 760E715A2345E99C005FAE30 /* PhotoTableViewCell.swift */; };
		760E715F2345E99C005FAE30 /* PhotoTableViewCell.xib in Resources */ = {isa = PBXBuildFile; fileRef = 760E715B2345E99C005FAE30 /* PhotoTableViewCell.xib */; };
		760E71602345E99C005FAE30 /* PhotoTableViewCell.xib in Resources */ = {isa = PBXBuildFile; fileRef = 760E715B2345E99C005FAE30 /* PhotoTableViewCell.xib */; };
		760E71612345E99C005FAE30 /* PhotoTableViewCell.xib in Resources */ = {isa = PBXBuildFile; fileRef = 760E715B2345E99C005FAE30 /* PhotoTableViewCell.xib */; };
		760ED5AE234383EB00CF74AB /* HashtagParser.swift in Sources */ = {isa = PBXBuildFile; fileRef = 760ED5AD234383EB00CF74AB /* HashtagParser.swift */; };
		760ED5AF234383EB00CF74AB /* HashtagParser.swift in Sources */ = {isa = PBXBuildFile; fileRef = 760ED5AD234383EB00CF74AB /* HashtagParser.swift */; };
		760ED5B0234383EB00CF74AB /* HashtagParser.swift in Sources */ = {isa = PBXBuildFile; fileRef = 760ED5AD234383EB00CF74AB /* HashtagParser.swift */; };
		760ED5B2234384CC00CF74AB /* ActiveLabel.swift in Sources */ = {isa = PBXBuildFile; fileRef = 760ED5B1234384CC00CF74AB /* ActiveLabel.swift */; };
		760ED5B3234384CC00CF74AB /* ActiveLabel.swift in Sources */ = {isa = PBXBuildFile; fileRef = 760ED5B1234384CC00CF74AB /* ActiveLabel.swift */; };
		760ED5B4234384CC00CF74AB /* ActiveLabel.swift in Sources */ = {isa = PBXBuildFile; fileRef = 760ED5B1234384CC00CF74AB /* ActiveLabel.swift */; };
		761023E72334E4E500650754 /* PhotoAnnotation.swift in Sources */ = {isa = PBXBuildFile; fileRef = 761023E62334E4E500650754 /* PhotoAnnotation.swift */; };
		761023E82334E4E500650754 /* PhotoAnnotation.swift in Sources */ = {isa = PBXBuildFile; fileRef = 761023E62334E4E500650754 /* PhotoAnnotation.swift */; };
		761023E92334E4E500650754 /* PhotoAnnotation.swift in Sources */ = {isa = PBXBuildFile; fileRef = 761023E62334E4E500650754 /* PhotoAnnotation.swift */; };
		761023EB2334E88F00650754 /* PhotoAnnotationView.swift in Sources */ = {isa = PBXBuildFile; fileRef = 761023EA2334E88F00650754 /* PhotoAnnotationView.swift */; };
		761023EC2334E88F00650754 /* PhotoAnnotationView.swift in Sources */ = {isa = PBXBuildFile; fileRef = 761023EA2334E88F00650754 /* PhotoAnnotationView.swift */; };
		761023ED2334E88F00650754 /* PhotoAnnotationView.swift in Sources */ = {isa = PBXBuildFile; fileRef = 761023EA2334E88F00650754 /* PhotoAnnotationView.swift */; };
		761023EF2334E8FA00650754 /* CalloutView.swift in Sources */ = {isa = PBXBuildFile; fileRef = 761023EE2334E8FA00650754 /* CalloutView.swift */; };
		761023F02334E8FA00650754 /* CalloutView.swift in Sources */ = {isa = PBXBuildFile; fileRef = 761023EE2334E8FA00650754 /* CalloutView.swift */; };
		761023F12334E8FA00650754 /* CalloutView.swift in Sources */ = {isa = PBXBuildFile; fileRef = 761023EE2334E8FA00650754 /* CalloutView.swift */; };
		761023F32334E91000650754 /* calloutView.xib in Resources */ = {isa = PBXBuildFile; fileRef = 761023F22334E91000650754 /* calloutView.xib */; };
		761023F42334E91000650754 /* calloutView.xib in Resources */ = {isa = PBXBuildFile; fileRef = 761023F22334E91000650754 /* calloutView.xib */; };
		761023F52334E91000650754 /* calloutView.xib in Resources */ = {isa = PBXBuildFile; fileRef = 761023F22334E91000650754 /* calloutView.xib */; };
		7610C499233DFD330037943A /* FullImageViewController.swift in Sources */ = {isa = PBXBuildFile; fileRef = 7610C497233DFD330037943A /* FullImageViewController.swift */; };
		7610C49A233DFD330037943A /* FullImageViewController.swift in Sources */ = {isa = PBXBuildFile; fileRef = 7610C497233DFD330037943A /* FullImageViewController.swift */; };
		7610C49B233DFD330037943A /* FullImageViewController.swift in Sources */ = {isa = PBXBuildFile; fileRef = 7610C497233DFD330037943A /* FullImageViewController.swift */; };
		7610C49C233DFD330037943A /* FullImageViewController.xib in Resources */ = {isa = PBXBuildFile; fileRef = 7610C498233DFD330037943A /* FullImageViewController.xib */; };
		7610C49D233DFD330037943A /* FullImageViewController.xib in Resources */ = {isa = PBXBuildFile; fileRef = 7610C498233DFD330037943A /* FullImageViewController.xib */; };
		7610C49E233DFD330037943A /* FullImageViewController.xib in Resources */ = {isa = PBXBuildFile; fileRef = 7610C498233DFD330037943A /* FullImageViewController.xib */; };
		76143133232A2F4F001756A9 /* CategoriesTableViewController.swift in Sources */ = {isa = PBXBuildFile; fileRef = 76143131232A2F4F001756A9 /* CategoriesTableViewController.swift */; };
		76143134232A2F4F001756A9 /* CategoriesTableViewController.xib in Resources */ = {isa = PBXBuildFile; fileRef = 76143132232A2F4F001756A9 /* CategoriesTableViewController.xib */; };
		76143138232A30D7001756A9 /* CategoryTableViewCell.swift in Sources */ = {isa = PBXBuildFile; fileRef = 76143136232A30D7001756A9 /* CategoryTableViewCell.swift */; };
		76143139232A30D7001756A9 /* CategoryTableViewCell.swift in Sources */ = {isa = PBXBuildFile; fileRef = 76143136232A30D7001756A9 /* CategoryTableViewCell.swift */; };
		7614313A232A30D7001756A9 /* CategoryTableViewCell.swift in Sources */ = {isa = PBXBuildFile; fileRef = 76143136232A30D7001756A9 /* CategoryTableViewCell.swift */; };
		7614313B232A30D7001756A9 /* CategoryTableViewCell.xib in Resources */ = {isa = PBXBuildFile; fileRef = 76143137232A30D7001756A9 /* CategoryTableViewCell.xib */; };
		7614313C232A30D7001756A9 /* CategoryTableViewCell.xib in Resources */ = {isa = PBXBuildFile; fileRef = 76143137232A30D7001756A9 /* CategoryTableViewCell.xib */; };
		7614313D232A30D7001756A9 /* CategoryTableViewCell.xib in Resources */ = {isa = PBXBuildFile; fileRef = 76143137232A30D7001756A9 /* CategoryTableViewCell.xib */; };
		76143141232A6C5E001756A9 /* AddCategoryViewController.swift in Sources */ = {isa = PBXBuildFile; fileRef = 7614313F232A6C5E001756A9 /* AddCategoryViewController.swift */; };
		76143142232A6C5E001756A9 /* AddCategoryViewController.swift in Sources */ = {isa = PBXBuildFile; fileRef = 7614313F232A6C5E001756A9 /* AddCategoryViewController.swift */; };
		76143143232A6C5E001756A9 /* AddCategoryViewController.swift in Sources */ = {isa = PBXBuildFile; fileRef = 7614313F232A6C5E001756A9 /* AddCategoryViewController.swift */; };
		76143144232A6C5E001756A9 /* AddCategoryViewController.xib in Resources */ = {isa = PBXBuildFile; fileRef = 76143140232A6C5E001756A9 /* AddCategoryViewController.xib */; };
		76143145232A6C5E001756A9 /* AddCategoryViewController.xib in Resources */ = {isa = PBXBuildFile; fileRef = 76143140232A6C5E001756A9 /* AddCategoryViewController.xib */; };
		76143146232A6C5E001756A9 /* AddCategoryViewController.xib in Resources */ = {isa = PBXBuildFile; fileRef = 76143140232A6C5E001756A9 /* AddCategoryViewController.xib */; };
		7614591523571A9D001038A5 /* AboutViewController.swift in Sources */ = {isa = PBXBuildFile; fileRef = 7614591323571A9D001038A5 /* AboutViewController.swift */; };
		7614591623571A9D001038A5 /* AboutViewController.swift in Sources */ = {isa = PBXBuildFile; fileRef = 7614591323571A9D001038A5 /* AboutViewController.swift */; };
		7614591723571A9D001038A5 /* AboutViewController.swift in Sources */ = {isa = PBXBuildFile; fileRef = 7614591323571A9D001038A5 /* AboutViewController.swift */; };
		7614591823571A9D001038A5 /* AboutViewController.xib in Resources */ = {isa = PBXBuildFile; fileRef = 7614591423571A9D001038A5 /* AboutViewController.xib */; };
		7614591923571A9D001038A5 /* AboutViewController.xib in Resources */ = {isa = PBXBuildFile; fileRef = 7614591423571A9D001038A5 /* AboutViewController.xib */; };
		7614591A23571A9D001038A5 /* AboutViewController.xib in Resources */ = {isa = PBXBuildFile; fileRef = 7614591423571A9D001038A5 /* AboutViewController.xib */; };
		7614591D2357394D001038A5 /* StringExtention.swift in Sources */ = {isa = PBXBuildFile; fileRef = 7614591C2357394D001038A5 /* StringExtention.swift */; };
		7614591E2357394D001038A5 /* StringExtention.swift in Sources */ = {isa = PBXBuildFile; fileRef = 7614591C2357394D001038A5 /* StringExtention.swift */; };
		7614591F2357394D001038A5 /* StringExtention.swift in Sources */ = {isa = PBXBuildFile; fileRef = 7614591C2357394D001038A5 /* StringExtention.swift */; };
		769927902338B190002F056E /* PopupViewController.swift in Sources */ = {isa = PBXBuildFile; fileRef = 7699278E2338B190002F056E /* PopupViewController.swift */; };
		769927912338B190002F056E /* PopupViewController.swift in Sources */ = {isa = PBXBuildFile; fileRef = 7699278E2338B190002F056E /* PopupViewController.swift */; };
		769927922338B190002F056E /* PopupViewController.swift in Sources */ = {isa = PBXBuildFile; fileRef = 7699278E2338B190002F056E /* PopupViewController.swift */; };
		769927932338B190002F056E /* PopupViewController.xib in Resources */ = {isa = PBXBuildFile; fileRef = 7699278F2338B190002F056E /* PopupViewController.xib */; };
		769927942338B190002F056E /* PopupViewController.xib in Resources */ = {isa = PBXBuildFile; fileRef = 7699278F2338B190002F056E /* PopupViewController.xib */; };
		769927952338B190002F056E /* PopupViewController.xib in Resources */ = {isa = PBXBuildFile; fileRef = 7699278F2338B190002F056E /* PopupViewController.xib */; };
		7699279723392528002F056E /* Custom.swift in Sources */ = {isa = PBXBuildFile; fileRef = 7699279623392528002F056E /* Custom.swift */; };
		7699279823392528002F056E /* Custom.swift in Sources */ = {isa = PBXBuildFile; fileRef = 7699279623392528002F056E /* Custom.swift */; };
		7699279923392528002F056E /* Custom.swift in Sources */ = {isa = PBXBuildFile; fileRef = 7699279623392528002F056E /* Custom.swift */; };
		A8A82B55B469EAAFF7100421 /* Pods_PhotoAppUITests.framework in Frameworks */ = {isa = PBXBuildFile; fileRef = 163D246806C650ECB53D00D8 /* Pods_PhotoAppUITests.framework */; };
		D958507611BE3409BF79B616 /* Pods_PhotoAppTests.framework in Frameworks */ = {isa = PBXBuildFile; fileRef = E0C0F2B1A650411C307382FB /* Pods_PhotoAppTests.framework */; };
/* End PBXBuildFile section */

/* Begin PBXContainerItemProxy section */
		7602D4962327A3D300FA9A05 /* PBXContainerItemProxy */ = {
			isa = PBXContainerItemProxy;
			containerPortal = 7602D4792327A3D100FA9A05 /* Project object */;
			proxyType = 1;
			remoteGlobalIDString = 7602D4802327A3D100FA9A05;
			remoteInfo = PhotoApp;
		};
		7602D4A12327A3D300FA9A05 /* PBXContainerItemProxy */ = {
			isa = PBXContainerItemProxy;
			containerPortal = 7602D4792327A3D100FA9A05 /* Project object */;
			proxyType = 1;
			remoteGlobalIDString = 7602D4802327A3D100FA9A05;
			remoteInfo = PhotoApp;
		};
/* End PBXContainerItemProxy section */

/* Begin PBXFileReference section */
		163D246806C650ECB53D00D8 /* Pods_PhotoAppUITests.framework */ = {isa = PBXFileReference; explicitFileType = wrapper.framework; includeInIndex = 0; path = Pods_PhotoAppUITests.framework; sourceTree = BUILT_PRODUCTS_DIR; };
		5BCDFC62858D2CF48236EDB1 /* Pods_PhotoApp.framework */ = {isa = PBXFileReference; explicitFileType = wrapper.framework; includeInIndex = 0; path = Pods_PhotoApp.framework; sourceTree = BUILT_PRODUCTS_DIR; };
		668E1F7F06AA39194C2C3220 /* Pods-PhotoApp.release.xcconfig */ = {isa = PBXFileReference; includeInIndex = 1; lastKnownFileType = text.xcconfig; name = "Pods-PhotoApp.release.xcconfig"; path = "Target Support Files/Pods-PhotoApp/Pods-PhotoApp.release.xcconfig"; sourceTree = "<group>"; };
		6AD52ADDE23984B897A8F9FA /* Pods-PhotoAppTests.debug.xcconfig */ = {isa = PBXFileReference; includeInIndex = 1; lastKnownFileType = text.xcconfig; name = "Pods-PhotoAppTests.debug.xcconfig"; path = "Target Support Files/Pods-PhotoAppTests/Pods-PhotoAppTests.debug.xcconfig"; sourceTree = "<group>"; };
		7602D4812327A3D100FA9A05 /* PhotoApp.app */ = {isa = PBXFileReference; explicitFileType = wrapper.application; includeInIndex = 0; path = PhotoApp.app; sourceTree = BUILT_PRODUCTS_DIR; };
		7602D4842327A3D100FA9A05 /* AppDelegate.swift */ = {isa = PBXFileReference; lastKnownFileType = sourcecode.swift; path = AppDelegate.swift; sourceTree = "<group>"; };
		7602D4862327A3D100FA9A05 /* ViewController.swift */ = {isa = PBXFileReference; lastKnownFileType = sourcecode.swift; path = ViewController.swift; sourceTree = "<group>"; };
		7602D4892327A3D100FA9A05 /* Base */ = {isa = PBXFileReference; lastKnownFileType = file.storyboard; name = Base; path = Base.lproj/Main.storyboard; sourceTree = "<group>"; };
		7602D48B2327A3D300FA9A05 /* Assets.xcassets */ = {isa = PBXFileReference; lastKnownFileType = folder.assetcatalog; path = Assets.xcassets; sourceTree = "<group>"; };
		7602D48E2327A3D300FA9A05 /* Base */ = {isa = PBXFileReference; lastKnownFileType = file.storyboard; name = Base; path = Base.lproj/LaunchScreen.storyboard; sourceTree = "<group>"; };
		7602D4902327A3D300FA9A05 /* Info.plist */ = {isa = PBXFileReference; lastKnownFileType = text.plist.xml; path = Info.plist; sourceTree = "<group>"; };
		7602D4952327A3D300FA9A05 /* PhotoAppTests.xctest */ = {isa = PBXFileReference; explicitFileType = wrapper.cfbundle; includeInIndex = 0; path = PhotoAppTests.xctest; sourceTree = BUILT_PRODUCTS_DIR; };
		7602D4992327A3D300FA9A05 /* PhotoAppTests.swift */ = {isa = PBXFileReference; lastKnownFileType = sourcecode.swift; path = PhotoAppTests.swift; sourceTree = "<group>"; };
		7602D49B2327A3D300FA9A05 /* Info.plist */ = {isa = PBXFileReference; lastKnownFileType = text.plist.xml; path = Info.plist; sourceTree = "<group>"; };
		7602D4A02327A3D300FA9A05 /* PhotoAppUITests.xctest */ = {isa = PBXFileReference; explicitFileType = wrapper.cfbundle; includeInIndex = 0; path = PhotoAppUITests.xctest; sourceTree = BUILT_PRODUCTS_DIR; };
		7602D4A42327A3D300FA9A05 /* PhotoAppUITests.swift */ = {isa = PBXFileReference; lastKnownFileType = sourcecode.swift; path = PhotoAppUITests.swift; sourceTree = "<group>"; };
		7602D4A62327A3D300FA9A05 /* Info.plist */ = {isa = PBXFileReference; lastKnownFileType = text.plist.xml; path = Info.plist; sourceTree = "<group>"; };
		7602D4BF2327AD2A00FA9A05 /* GoogleService-Info.plist */ = {isa = PBXFileReference; fileEncoding = 4; lastKnownFileType = text.plist.xml; path = "GoogleService-Info.plist"; sourceTree = "<group>"; };
		7602D4CB2327BC3400FA9A05 /* LoginViewController.swift */ = {isa = PBXFileReference; lastKnownFileType = sourcecode.swift; path = LoginViewController.swift; sourceTree = "<group>"; };
		7602D4CC2327BC3400FA9A05 /* LoginViewController.xib */ = {isa = PBXFileReference; lastKnownFileType = file.xib; path = LoginViewController.xib; sourceTree = "<group>"; };
		7602D4D52327C95400FA9A05 /* CreateAccountViewController.swift */ = {isa = PBXFileReference; lastKnownFileType = sourcecode.swift; path = CreateAccountViewController.swift; sourceTree = "<group>"; };
		7602D4D62327C95400FA9A05 /* CreateAccountViewController.xib */ = {isa = PBXFileReference; lastKnownFileType = file.xib; path = CreateAccountViewController.xib; sourceTree = "<group>"; };
		7602D4E82327E54900FA9A05 /* TimeLineViewController.swift */ = {isa = PBXFileReference; lastKnownFileType = sourcecode.swift; path = TimeLineViewController.swift; sourceTree = "<group>"; };
		7602D4E92327E54900FA9A05 /* TimeLineViewController.xib */ = {isa = PBXFileReference; lastKnownFileType = file.xib; path = TimeLineViewController.xib; sourceTree = "<group>"; };
		7602D4F42327E56B00FA9A05 /* OtherViewController.swift */ = {isa = PBXFileReference; lastKnownFileType = sourcecode.swift; path = OtherViewController.swift; sourceTree = "<group>"; };
		7602D4F52327E56B00FA9A05 /* OtherViewController.xib */ = {isa = PBXFileReference; lastKnownFileType = file.xib; path = OtherViewController.xib; sourceTree = "<group>"; };
		7602D50C2327EC8700FA9A05 /* MainViewController.swift */ = {isa = PBXFileReference; lastKnownFileType = sourcecode.swift; path = MainViewController.swift; sourceTree = "<group>"; };
		7602D50D2327EC8700FA9A05 /* MainViewController.xib */ = {isa = PBXFileReference; lastKnownFileType = file.xib; path = MainViewController.xib; sourceTree = "<group>"; };
		7605D2BE233B62290054031C /* CachedImageView.swift */ = {isa = PBXFileReference; lastKnownFileType = sourcecode.swift; path = CachedImageView.swift; sourceTree = "<group>"; };
		760B6E112355EB4700A57C34 /* UITableViewCellExtention.swift */ = {isa = PBXFileReference; lastKnownFileType = sourcecode.swift; path = UITableViewCellExtention.swift; sourceTree = "<group>"; };
		760E715A2345E99C005FAE30 /* PhotoTableViewCell.swift */ = {isa = PBXFileReference; lastKnownFileType = sourcecode.swift; path = PhotoTableViewCell.swift; sourceTree = "<group>"; };
		760E715B2345E99C005FAE30 /* PhotoTableViewCell.xib */ = {isa = PBXFileReference; lastKnownFileType = file.xib; path = PhotoTableViewCell.xib; sourceTree = "<group>"; };
		760ED5AD234383EB00CF74AB /* HashtagParser.swift */ = {isa = PBXFileReference; lastKnownFileType = sourcecode.swift; path = HashtagParser.swift; sourceTree = "<group>"; };
		760ED5B1234384CC00CF74AB /* ActiveLabel.swift */ = {isa = PBXFileReference; lastKnownFileType = sourcecode.swift; path = ActiveLabel.swift; sourceTree = "<group>"; };
		761023E62334E4E500650754 /* PhotoAnnotation.swift */ = {isa = PBXFileReference; lastKnownFileType = sourcecode.swift; path = PhotoAnnotation.swift; sourceTree = "<group>"; };
		761023EA2334E88F00650754 /* PhotoAnnotationView.swift */ = {isa = PBXFileReference; lastKnownFileType = sourcecode.swift; path = PhotoAnnotationView.swift; sourceTree = "<group>"; };
		761023EE2334E8FA00650754 /* CalloutView.swift */ = {isa = PBXFileReference; lastKnownFileType = sourcecode.swift; path = CalloutView.swift; sourceTree = "<group>"; };
		761023F22334E91000650754 /* calloutView.xib */ = {isa = PBXFileReference; lastKnownFileType = file.xib; path = calloutView.xib; sourceTree = "<group>"; };
		7610C497233DFD330037943A /* FullImageViewController.swift */ = {isa = PBXFileReference; lastKnownFileType = sourcecode.swift; path = FullImageViewController.swift; sourceTree = "<group>"; };
		7610C498233DFD330037943A /* FullImageViewController.xib */ = {isa = PBXFileReference; lastKnownFileType = file.xib; path = FullImageViewController.xib; sourceTree = "<group>"; };
		76143131232A2F4F001756A9 /* CategoriesTableViewController.swift */ = {isa = PBXFileReference; lastKnownFileType = sourcecode.swift; path = CategoriesTableViewController.swift; sourceTree = "<group>"; };
		76143132232A2F4F001756A9 /* CategoriesTableViewController.xib */ = {isa = PBXFileReference; lastKnownFileType = file.xib; path = CategoriesTableViewController.xib; sourceTree = "<group>"; };
		76143136232A30D7001756A9 /* CategoryTableViewCell.swift */ = {isa = PBXFileReference; lastKnownFileType = sourcecode.swift; path = CategoryTableViewCell.swift; sourceTree = "<group>"; };
		76143137232A30D7001756A9 /* CategoryTableViewCell.xib */ = {isa = PBXFileReference; lastKnownFileType = file.xib; path = CategoryTableViewCell.xib; sourceTree = "<group>"; };
		7614313F232A6C5E001756A9 /* AddCategoryViewController.swift */ = {isa = PBXFileReference; lastKnownFileType = sourcecode.swift; path = AddCategoryViewController.swift; sourceTree = "<group>"; };
		76143140232A6C5E001756A9 /* AddCategoryViewController.xib */ = {isa = PBXFileReference; lastKnownFileType = file.xib; path = AddCategoryViewController.xib; sourceTree = "<group>"; };
		7614591323571A9D001038A5 /* AboutViewController.swift */ = {isa = PBXFileReference; lastKnownFileType = sourcecode.swift; path = AboutViewController.swift; sourceTree = "<group>"; };
		7614591423571A9D001038A5 /* AboutViewController.xib */ = {isa = PBXFileReference; lastKnownFileType = file.xib; path = AboutViewController.xib; sourceTree = "<group>"; };
		7614591C2357394D001038A5 /* StringExtention.swift */ = {isa = PBXFileReference; lastKnownFileType = sourcecode.swift; path = StringExtention.swift; sourceTree = "<group>"; };
		7699278E2338B190002F056E /* PopupViewController.swift */ = {isa = PBXFileReference; lastKnownFileType = sourcecode.swift; path = PopupViewController.swift; sourceTree = "<group>"; };
		7699278F2338B190002F056E /* PopupViewController.xib */ = {isa = PBXFileReference; lastKnownFileType = file.xib; path = PopupViewController.xib; sourceTree = "<group>"; };
		7699279623392528002F056E /* Custom.swift */ = {isa = PBXFileReference; lastKnownFileType = sourcecode.swift; path = Custom.swift; sourceTree = "<group>"; };
		7FDD900F66D7BD652996FF5F /* Pods-PhotoAppUITests.release.xcconfig */ = {isa = PBXFileReference; includeInIndex = 1; lastKnownFileType = text.xcconfig; name = "Pods-PhotoAppUITests.release.xcconfig"; path = "Target Support Files/Pods-PhotoAppUITests/Pods-PhotoAppUITests.release.xcconfig"; sourceTree = "<group>"; };
		9B22CAD5C11C7CA7D0C5BAA7 /* Pods-PhotoAppTests.release.xcconfig */ = {isa = PBXFileReference; includeInIndex = 1; lastKnownFileType = text.xcconfig; name = "Pods-PhotoAppTests.release.xcconfig"; path = "Target Support Files/Pods-PhotoAppTests/Pods-PhotoAppTests.release.xcconfig"; sourceTree = "<group>"; };
		B377815364385429E93D2270 /* Pods-PhotoAppUITests.debug.xcconfig */ = {isa = PBXFileReference; includeInIndex = 1; lastKnownFileType = text.xcconfig; name = "Pods-PhotoAppUITests.debug.xcconfig"; path = "Target Support Files/Pods-PhotoAppUITests/Pods-PhotoAppUITests.debug.xcconfig"; sourceTree = "<group>"; };
		E0C0F2B1A650411C307382FB /* Pods_PhotoAppTests.framework */ = {isa = PBXFileReference; explicitFileType = wrapper.framework; includeInIndex = 0; path = Pods_PhotoAppTests.framework; sourceTree = BUILT_PRODUCTS_DIR; };
		F24494985D284BB6BEE24823 /* Pods-PhotoApp.debug.xcconfig */ = {isa = PBXFileReference; includeInIndex = 1; lastKnownFileType = text.xcconfig; name = "Pods-PhotoApp.debug.xcconfig"; path = "Target Support Files/Pods-PhotoApp/Pods-PhotoApp.debug.xcconfig"; sourceTree = "<group>"; };
/* End PBXFileReference section */

/* Begin PBXFrameworksBuildPhase section */
		7602D47E2327A3D100FA9A05 /* Frameworks */ = {
			isa = PBXFrameworksBuildPhase;
			buildActionMask = 2147483647;
			files = (
				3397BE30C6C575C1BD7F2CF8 /* Pods_PhotoApp.framework in Frameworks */,
			);
			runOnlyForDeploymentPostprocessing = 0;
		};
		7602D4922327A3D300FA9A05 /* Frameworks */ = {
			isa = PBXFrameworksBuildPhase;
			buildActionMask = 2147483647;
			files = (
				D958507611BE3409BF79B616 /* Pods_PhotoAppTests.framework in Frameworks */,
			);
			runOnlyForDeploymentPostprocessing = 0;
		};
		7602D49D2327A3D300FA9A05 /* Frameworks */ = {
			isa = PBXFrameworksBuildPhase;
			buildActionMask = 2147483647;
			files = (
				A8A82B55B469EAAFF7100421 /* Pods_PhotoAppUITests.framework in Frameworks */,
			);
			runOnlyForDeploymentPostprocessing = 0;
		};
/* End PBXFrameworksBuildPhase section */

/* Begin PBXGroup section */
		7602D4782327A3D100FA9A05 = {
			isa = PBXGroup;
			children = (
				7602D4832327A3D100FA9A05 /* PhotoApp */,
				7602D4982327A3D300FA9A05 /* PhotoAppTests */,
				7602D4A32327A3D300FA9A05 /* PhotoAppUITests */,
				7602D4822327A3D100FA9A05 /* Products */,
				F0D63ED0D5588FC2F7B2EE09 /* Pods */,
				B60F01A0AD37689D5786A300 /* Frameworks */,
			);
			sourceTree = "<group>";
		};
		7602D4822327A3D100FA9A05 /* Products */ = {
			isa = PBXGroup;
			children = (
				7602D4812327A3D100FA9A05 /* PhotoApp.app */,
				7602D4952327A3D300FA9A05 /* PhotoAppTests.xctest */,
				7602D4A02327A3D300FA9A05 /* PhotoAppUITests.xctest */,
			);
			name = Products;
			sourceTree = "<group>";
		};
		7602D4832327A3D100FA9A05 /* PhotoApp */ = {
			isa = PBXGroup;
			children = (
				7602D4DD2327DC8200FA9A05 /* MainViewController */,
				7602D4D32327BC3D00FA9A05 /* LoginViewController */,
				7602D4842327A3D100FA9A05 /* AppDelegate.swift */,
				7602D4862327A3D100FA9A05 /* ViewController.swift */,
				7602D4882327A3D100FA9A05 /* Main.storyboard */,
				7602D48B2327A3D300FA9A05 /* Assets.xcassets */,
				7602D48D2327A3D300FA9A05 /* LaunchScreen.storyboard */,
				7602D4902327A3D300FA9A05 /* Info.plist */,
				7602D4BF2327AD2A00FA9A05 /* GoogleService-Info.plist */,
			);
			path = PhotoApp;
			sourceTree = "<group>";
		};
		7602D4982327A3D300FA9A05 /* PhotoAppTests */ = {
			isa = PBXGroup;
			children = (
				7602D4992327A3D300FA9A05 /* PhotoAppTests.swift */,
				7602D49B2327A3D300FA9A05 /* Info.plist */,
			);
			path = PhotoAppTests;
			sourceTree = "<group>";
		};
		7602D4A32327A3D300FA9A05 /* PhotoAppUITests */ = {
			isa = PBXGroup;
			children = (
				7602D4A42327A3D300FA9A05 /* PhotoAppUITests.swift */,
				7602D4A62327A3D300FA9A05 /* Info.plist */,
			);
			path = PhotoAppUITests;
			sourceTree = "<group>";
		};
		7602D4D32327BC3D00FA9A05 /* LoginViewController */ = {
			isa = PBXGroup;
			children = (
				7602D4D42327C91B00FA9A05 /* CreateAccount */,
				7602D4CB2327BC3400FA9A05 /* LoginViewController.swift */,
				7602D4CC2327BC3400FA9A05 /* LoginViewController.xib */,
			);
			path = LoginViewController;
			sourceTree = "<group>";
		};
		7602D4D42327C91B00FA9A05 /* CreateAccount */ = {
			isa = PBXGroup;
			children = (
				7602D4D52327C95400FA9A05 /* CreateAccountViewController.swift */,
				7602D4D62327C95400FA9A05 /* CreateAccountViewController.xib */,
			);
			path = CreateAccount;
			sourceTree = "<group>";
		};
		7602D4DD2327DC8200FA9A05 /* MainViewController */ = {
			isa = PBXGroup;
			children = (
				7614591B2357391D001038A5 /* StringExtention */,
				760B6E132355EBA400A57C34 /* UItableViewCellExtention */,
				760ED5AB23437FED00CF74AB /* ActiveLabel */,
				7605D2BD233B58EC0054031C /* CashImages */,
				7602D4E72327E50600FA9A05 /* Timeline */,
				7602D4E62327E4E500FA9A05 /* Other */,
				760DC926233208340000894A /* PhotAnnotation */,
				7602D50C2327EC8700FA9A05 /* MainViewController.swift */,
				7602D50D2327EC8700FA9A05 /* MainViewController.xib */,
				761023EA2334E88F00650754 /* PhotoAnnotationView.swift */,
				761023EE2334E8FA00650754 /* CalloutView.swift */,
				761023F22334E91000650754 /* calloutView.xib */,
				7699278E2338B190002F056E /* PopupViewController.swift */,
				7699278F2338B190002F056E /* PopupViewController.xib */,
				7699279623392528002F056E /* Custom.swift */,
				7610C497233DFD330037943A /* FullImageViewController.swift */,
				7610C498233DFD330037943A /* FullImageViewController.xib */,
			);
			path = MainViewController;
			sourceTree = "<group>";
		};
		7602D4E62327E4E500FA9A05 /* Other */ = {
			isa = PBXGroup;
			children = (
				7602D4F42327E56B00FA9A05 /* OtherViewController.swift */,
				7602D4F52327E56B00FA9A05 /* OtherViewController.xib */,
				7614591323571A9D001038A5 /* AboutViewController.swift */,
				7614591423571A9D001038A5 /* AboutViewController.xib */,
			);
			path = Other;
			sourceTree = "<group>";
		};
		7602D4E72327E50600FA9A05 /* Timeline */ = {
			isa = PBXGroup;
			children = (
				76143130232A2F04001756A9 /* CategoriesTableViewController */,
				760E71592345E966005FAE30 /* photoCell */,
				7602D4E82327E54900FA9A05 /* TimeLineViewController.swift */,
				7602D4E92327E54900FA9A05 /* TimeLineViewController.xib */,
			);
			path = Timeline;
			sourceTree = "<group>";
		};
		7605D2BD233B58EC0054031C /* CashImages */ = {
			isa = PBXGroup;
			children = (
				7605D2BE233B62290054031C /* CachedImageView.swift */,
			);
			path = CashImages;
			sourceTree = "<group>";
		};
		760B6E132355EBA400A57C34 /* UItableViewCellExtention */ = {
			isa = PBXGroup;
			children = (
				760B6E112355EB4700A57C34 /* UITableViewCellExtention.swift */,
			);
			path = UItableViewCellExtention;
			sourceTree = "<group>";
		};
		760DC926233208340000894A /* PhotAnnotation */ = {
			isa = PBXGroup;
			children = (
				761023E62334E4E500650754 /* PhotoAnnotation.swift */,
			);
			path = PhotAnnotation;
			sourceTree = "<group>";
		};
		760E71592345E966005FAE30 /* photoCell */ = {
			isa = PBXGroup;
			children = (
				760E715A2345E99C005FAE30 /* PhotoTableViewCell.swift */,
				760E715B2345E99C005FAE30 /* PhotoTableViewCell.xib */,
			);
			path = photoCell;
			sourceTree = "<group>";
		};
		760ED5AB23437FED00CF74AB /* ActiveLabel */ = {
			isa = PBXGroup;
			children = (
				760ED5AC2343800500CF74AB /* HashtagParser */,
				760ED5B1234384CC00CF74AB /* ActiveLabel.swift */,
			);
			path = ActiveLabel;
			sourceTree = "<group>";
		};
		760ED5AC2343800500CF74AB /* HashtagParser */ = {
			isa = PBXGroup;
			children = (
				760ED5AD234383EB00CF74AB /* HashtagParser.swift */,
			);
			path = HashtagParser;
			sourceTree = "<group>";
		};
		76143130232A2F04001756A9 /* CategoriesTableViewController */ = {
			isa = PBXGroup;
			children = (
				7614313E232A6C18001756A9 /* AddCategoryViewController */,
				76143135232A3080001756A9 /* Categories.TableViewCell */,
				76143131232A2F4F001756A9 /* CategoriesTableViewController.swift */,
				76143132232A2F4F001756A9 /* CategoriesTableViewController.xib */,
			);
			path = CategoriesTableViewController;
			sourceTree = "<group>";
		};
		76143135232A3080001756A9 /* Categories.TableViewCell */ = {
			isa = PBXGroup;
			children = (
				76143136232A30D7001756A9 /* CategoryTableViewCell.swift */,
				76143137232A30D7001756A9 /* CategoryTableViewCell.xib */,
			);
			path = Categories.TableViewCell;
			sourceTree = "<group>";
		};
		7614313E232A6C18001756A9 /* AddCategoryViewController */ = {
			isa = PBXGroup;
			children = (
				7614313F232A6C5E001756A9 /* AddCategoryViewController.swift */,
				76143140232A6C5E001756A9 /* AddCategoryViewController.xib */,
			);
			path = AddCategoryViewController;
			sourceTree = "<group>";
		};
		7614591B2357391D001038A5 /* StringExtention */ = {
			isa = PBXGroup;
			children = (
				7614591C2357394D001038A5 /* StringExtention.swift */,
			);
			path = StringExtention;
			sourceTree = "<group>";
		};
		B60F01A0AD37689D5786A300 /* Frameworks */ = {
			isa = PBXGroup;
			children = (
				5BCDFC62858D2CF48236EDB1 /* Pods_PhotoApp.framework */,
				E0C0F2B1A650411C307382FB /* Pods_PhotoAppTests.framework */,
				163D246806C650ECB53D00D8 /* Pods_PhotoAppUITests.framework */,
			);
			name = Frameworks;
			sourceTree = "<group>";
		};
		F0D63ED0D5588FC2F7B2EE09 /* Pods */ = {
			isa = PBXGroup;
			children = (
				F24494985D284BB6BEE24823 /* Pods-PhotoApp.debug.xcconfig */,
				668E1F7F06AA39194C2C3220 /* Pods-PhotoApp.release.xcconfig */,
				6AD52ADDE23984B897A8F9FA /* Pods-PhotoAppTests.debug.xcconfig */,
				9B22CAD5C11C7CA7D0C5BAA7 /* Pods-PhotoAppTests.release.xcconfig */,
				B377815364385429E93D2270 /* Pods-PhotoAppUITests.debug.xcconfig */,
				7FDD900F66D7BD652996FF5F /* Pods-PhotoAppUITests.release.xcconfig */,
			);
			path = Pods;
			sourceTree = "<group>";
		};
/* End PBXGroup section */

/* Begin PBXNativeTarget section */
		7602D4802327A3D100FA9A05 /* PhotoApp */ = {
			isa = PBXNativeTarget;
			buildConfigurationList = 7602D4A92327A3D300FA9A05 /* Build configuration list for PBXNativeTarget "PhotoApp" */;
			buildPhases = (
				567ADB68DC7ED4CA7C960490 /* [CP] Check Pods Manifest.lock */,
				7602D47D2327A3D100FA9A05 /* Sources */,
				7602D47E2327A3D100FA9A05 /* Frameworks */,
				7602D47F2327A3D100FA9A05 /* Resources */,
				7449771E8347BE9C01D9A71D /* [CP] Embed Pods Frameworks */,
				760B6E152355FCE800A57C34 /* ShellScript */,
			);
			buildRules = (
			);
			dependencies = (
			);
			name = PhotoApp;
			productName = PhotoApp;
			productReference = 7602D4812327A3D100FA9A05 /* PhotoApp.app */;
			productType = "com.apple.product-type.application";
		};
		7602D4942327A3D300FA9A05 /* PhotoAppTests */ = {
			isa = PBXNativeTarget;
			buildConfigurationList = 7602D4AC2327A3D300FA9A05 /* Build configuration list for PBXNativeTarget "PhotoAppTests" */;
			buildPhases = (
				4799F93C19296F4AE3C4D6C9 /* [CP] Check Pods Manifest.lock */,
				7602D4912327A3D300FA9A05 /* Sources */,
				7602D4922327A3D300FA9A05 /* Frameworks */,
				7602D4932327A3D300FA9A05 /* Resources */,
			);
			buildRules = (
			);
			dependencies = (
				7602D4972327A3D300FA9A05 /* PBXTargetDependency */,
			);
			name = PhotoAppTests;
			productName = PhotoAppTests;
			productReference = 7602D4952327A3D300FA9A05 /* PhotoAppTests.xctest */;
			productType = "com.apple.product-type.bundle.unit-test";
		};
		7602D49F2327A3D300FA9A05 /* PhotoAppUITests */ = {
			isa = PBXNativeTarget;
			buildConfigurationList = 7602D4AF2327A3D300FA9A05 /* Build configuration list for PBXNativeTarget "PhotoAppUITests" */;
			buildPhases = (
				A87073E5B6F8B522D5C93F1E /* [CP] Check Pods Manifest.lock */,
				7602D49C2327A3D300FA9A05 /* Sources */,
				7602D49D2327A3D300FA9A05 /* Frameworks */,
				7602D49E2327A3D300FA9A05 /* Resources */,
			);
			buildRules = (
			);
			dependencies = (
				7602D4A22327A3D300FA9A05 /* PBXTargetDependency */,
			);
			name = PhotoAppUITests;
			productName = PhotoAppUITests;
			productReference = 7602D4A02327A3D300FA9A05 /* PhotoAppUITests.xctest */;
			productType = "com.apple.product-type.bundle.ui-testing";
		};
/* End PBXNativeTarget section */

/* Begin PBXProject section */
		7602D4792327A3D100FA9A05 /* Project object */ = {
			isa = PBXProject;
			attributes = {
				LastSwiftUpdateCheck = 1030;
				LastUpgradeCheck = 1030;
				ORGANIZATIONNAME = "Ivan Zhurauski";
				TargetAttributes = {
					7602D4802327A3D100FA9A05 = {
						CreatedOnToolsVersion = 10.3;
					};
					7602D4942327A3D300FA9A05 = {
						CreatedOnToolsVersion = 10.3;
						TestTargetID = 7602D4802327A3D100FA9A05;
					};
					7602D49F2327A3D300FA9A05 = {
						CreatedOnToolsVersion = 10.3;
						TestTargetID = 7602D4802327A3D100FA9A05;
					};
				};
			};
			buildConfigurationList = 7602D47C2327A3D100FA9A05 /* Build configuration list for PBXProject "PhotoApp" */;
			compatibilityVersion = "Xcode 9.3";
			developmentRegion = en;
			hasScannedForEncodings = 0;
			knownRegions = (
				en,
				Base,
			);
			mainGroup = 7602D4782327A3D100FA9A05;
			productRefGroup = 7602D4822327A3D100FA9A05 /* Products */;
			projectDirPath = "";
			projectRoot = "";
			targets = (
				7602D4802327A3D100FA9A05 /* PhotoApp */,
				7602D4942327A3D300FA9A05 /* PhotoAppTests */,
				7602D49F2327A3D300FA9A05 /* PhotoAppUITests */,
			);
		};
/* End PBXProject section */

/* Begin PBXResourcesBuildPhase section */
		7602D47F2327A3D100FA9A05 /* Resources */ = {
			isa = PBXResourcesBuildPhase;
			buildActionMask = 2147483647;
			files = (
				761023F32334E91000650754 /* calloutView.xib in Resources */,
				7610C49C233DFD330037943A /* FullImageViewController.xib in Resources */,
				7614313B232A30D7001756A9 /* CategoryTableViewCell.xib in Resources */,
				7602D4D02327BC3400FA9A05 /* LoginViewController.xib in Resources */,
				760E715F2345E99C005FAE30 /* PhotoTableViewCell.xib in Resources */,
				769927932338B190002F056E /* PopupViewController.xib in Resources */,
				7602D4ED2327E54900FA9A05 /* TimeLineViewController.xib in Resources */,
				7602D48F2327A3D300FA9A05 /* LaunchScreen.storyboard in Resources */,
				76143134232A2F4F001756A9 /* CategoriesTableViewController.xib in Resources */,
				7602D4DA2327C95400FA9A05 /* CreateAccountViewController.xib in Resources */,
				7602D5112327EC8700FA9A05 /* MainViewController.xib in Resources */,
				7602D4F92327E56B00FA9A05 /* OtherViewController.xib in Resources */,
				76143144232A6C5E001756A9 /* AddCategoryViewController.xib in Resources */,
				7602D4C02327AD2A00FA9A05 /* GoogleService-Info.plist in Resources */,
				7614591823571A9D001038A5 /* AboutViewController.xib in Resources */,
				7602D48C2327A3D300FA9A05 /* Assets.xcassets in Resources */,
				7602D48A2327A3D100FA9A05 /* Main.storyboard in Resources */,
			);
			runOnlyForDeploymentPostprocessing = 0;
		};
		7602D4932327A3D300FA9A05 /* Resources */ = {
			isa = PBXResourcesBuildPhase;
			buildActionMask = 2147483647;
			files = (
				760E71602345E99C005FAE30 /* PhotoTableViewCell.xib in Resources */,
				7602D4D12327BC3400FA9A05 /* LoginViewController.xib in Resources */,
				7614313C232A30D7001756A9 /* CategoryTableViewCell.xib in Resources */,
				7610C49D233DFD330037943A /* FullImageViewController.xib in Resources */,
				7602D5122327EC8700FA9A05 /* MainViewController.xib in Resources */,
				7602D4FA2327E56B00FA9A05 /* OtherViewController.xib in Resources */,
				7614591923571A9D001038A5 /* AboutViewController.xib in Resources */,
				76143145232A6C5E001756A9 /* AddCategoryViewController.xib in Resources */,
				7602D4C12327AD2A00FA9A05 /* GoogleService-Info.plist in Resources */,
				7602D4DB2327C95400FA9A05 /* CreateAccountViewController.xib in Resources */,
				769927942338B190002F056E /* PopupViewController.xib in Resources */,
				7602D4EE2327E54900FA9A05 /* TimeLineViewController.xib in Resources */,
				761023F42334E91000650754 /* calloutView.xib in Resources */,
			);
			runOnlyForDeploymentPostprocessing = 0;
		};
		7602D49E2327A3D300FA9A05 /* Resources */ = {
			isa = PBXResourcesBuildPhase;
			buildActionMask = 2147483647;
			files = (
				760E71612345E99C005FAE30 /* PhotoTableViewCell.xib in Resources */,
				7602D4D22327BC3400FA9A05 /* LoginViewController.xib in Resources */,
				7614313D232A30D7001756A9 /* CategoryTableViewCell.xib in Resources */,
				7610C49E233DFD330037943A /* FullImageViewController.xib in Resources */,
				7602D5132327EC8700FA9A05 /* MainViewController.xib in Resources */,
				7602D4FB2327E56B00FA9A05 /* OtherViewController.xib in Resources */,
				7614591A23571A9D001038A5 /* AboutViewController.xib in Resources */,
				76143146232A6C5E001756A9 /* AddCategoryViewController.xib in Resources */,
				7602D4C22327AD2A00FA9A05 /* GoogleService-Info.plist in Resources */,
				7602D4DC2327C95400FA9A05 /* CreateAccountViewController.xib in Resources */,
				769927952338B190002F056E /* PopupViewController.xib in Resources */,
				7602D4EF2327E54900FA9A05 /* TimeLineViewController.xib in Resources */,
				761023F52334E91000650754 /* calloutView.xib in Resources */,
			);
			runOnlyForDeploymentPostprocessing = 0;
		};
/* End PBXResourcesBuildPhase section */

/* Begin PBXShellScriptBuildPhase section */
		4799F93C19296F4AE3C4D6C9 /* [CP] Check Pods Manifest.lock */ = {
			isa = PBXShellScriptBuildPhase;
			buildActionMask = 2147483647;
			files = (
			);
			inputFileListPaths = (
			);
			inputPaths = (
				"${PODS_PODFILE_DIR_PATH}/Podfile.lock",
				"${PODS_ROOT}/Manifest.lock",
			);
			name = "[CP] Check Pods Manifest.lock";
			outputFileListPaths = (
			);
			outputPaths = (
				"$(DERIVED_FILE_DIR)/Pods-PhotoAppTests-checkManifestLockResult.txt",
			);
			runOnlyForDeploymentPostprocessing = 0;
			shellPath = /bin/sh;
			shellScript = "diff \"${PODS_PODFILE_DIR_PATH}/Podfile.lock\" \"${PODS_ROOT}/Manifest.lock\" > /dev/null\nif [ $? != 0 ] ; then\n    # print error to STDERR\n    echo \"error: The sandbox is not in sync with the Podfile.lock. Run 'pod install' or update your CocoaPods installation.\" >&2\n    exit 1\nfi\n# This output is used by Xcode 'outputs' to avoid re-running this script phase.\necho \"SUCCESS\" > \"${SCRIPT_OUTPUT_FILE_0}\"\n";
			showEnvVarsInLog = 0;
		};
		567ADB68DC7ED4CA7C960490 /* [CP] Check Pods Manifest.lock */ = {
			isa = PBXShellScriptBuildPhase;
			buildActionMask = 2147483647;
			files = (
			);
			inputFileListPaths = (
			);
			inputPaths = (
				"${PODS_PODFILE_DIR_PATH}/Podfile.lock",
				"${PODS_ROOT}/Manifest.lock",
			);
			name = "[CP] Check Pods Manifest.lock";
			outputFileListPaths = (
			);
			outputPaths = (
				"$(DERIVED_FILE_DIR)/Pods-PhotoApp-checkManifestLockResult.txt",
			);
			runOnlyForDeploymentPostprocessing = 0;
			shellPath = /bin/sh;
			shellScript = "diff \"${PODS_PODFILE_DIR_PATH}/Podfile.lock\" \"${PODS_ROOT}/Manifest.lock\" > /dev/null\nif [ $? != 0 ] ; then\n    # print error to STDERR\n    echo \"error: The sandbox is not in sync with the Podfile.lock. Run 'pod install' or update your CocoaPods installation.\" >&2\n    exit 1\nfi\n# This output is used by Xcode 'outputs' to avoid re-running this script phase.\necho \"SUCCESS\" > \"${SCRIPT_OUTPUT_FILE_0}\"\n";
			showEnvVarsInLog = 0;
		};
		7449771E8347BE9C01D9A71D /* [CP] Embed Pods Frameworks */ = {
			isa = PBXShellScriptBuildPhase;
			buildActionMask = 2147483647;
			files = (
			);
			inputFileListPaths = (
				"${PODS_ROOT}/Target Support Files/Pods-PhotoApp/Pods-PhotoApp-frameworks-${CONFIGURATION}-input-files.xcfilelist",
			);
			name = "[CP] Embed Pods Frameworks";
			outputFileListPaths = (
				"${PODS_ROOT}/Target Support Files/Pods-PhotoApp/Pods-PhotoApp-frameworks-${CONFIGURATION}-output-files.xcfilelist",
			);
			runOnlyForDeploymentPostprocessing = 0;
			shellPath = /bin/sh;
			shellScript = "\"${PODS_ROOT}/Target Support Files/Pods-PhotoApp/Pods-PhotoApp-frameworks.sh\"\n";
			showEnvVarsInLog = 0;
		};
		760B6E152355FCE800A57C34 /* ShellScript */ = {
			isa = PBXShellScriptBuildPhase;
			buildActionMask = 2147483647;
			files = (
			);
			inputFileListPaths = (
			);
			inputPaths = (
			);
			outputFileListPaths = (
			);
			outputPaths = (
			);
			runOnlyForDeploymentPostprocessing = 0;
			shellPath = /bin/sh;
			shellScript = "# Type a script or drag a script file from your workspace to insert its path.\n";
		};
		A87073E5B6F8B522D5C93F1E /* [CP] Check Pods Manifest.lock */ = {
			isa = PBXShellScriptBuildPhase;
			buildActionMask = 2147483647;
			files = (
			);
			inputFileListPaths = (
			);
			inputPaths = (
				"${PODS_PODFILE_DIR_PATH}/Podfile.lock",
				"${PODS_ROOT}/Manifest.lock",
			);
			name = "[CP] Check Pods Manifest.lock";
			outputFileListPaths = (
			);
			outputPaths = (
				"$(DERIVED_FILE_DIR)/Pods-PhotoAppUITests-checkManifestLockResult.txt",
			);
			runOnlyForDeploymentPostprocessing = 0;
			shellPath = /bin/sh;
			shellScript = "diff \"${PODS_PODFILE_DIR_PATH}/Podfile.lock\" \"${PODS_ROOT}/Manifest.lock\" > /dev/null\nif [ $? != 0 ] ; then\n    # print error to STDERR\n    echo \"error: The sandbox is not in sync with the Podfile.lock. Run 'pod install' or update your CocoaPods installation.\" >&2\n    exit 1\nfi\n# This output is used by Xcode 'outputs' to avoid re-running this script phase.\necho \"SUCCESS\" > \"${SCRIPT_OUTPUT_FILE_0}\"\n";
			showEnvVarsInLog = 0;
		};
/* End PBXShellScriptBuildPhase section */

/* Begin PBXSourcesBuildPhase section */
		7602D47D2327A3D100FA9A05 /* Sources */ = {
			isa = PBXSourcesBuildPhase;
			buildActionMask = 2147483647;
			files = (
				760E715C2345E99C005FAE30 /* PhotoTableViewCell.swift in Sources */,
				7602D50E2327EC8700FA9A05 /* MainViewController.swift in Sources */,
				7614591523571A9D001038A5 /* AboutViewController.swift in Sources */,
				7610C499233DFD330037943A /* FullImageViewController.swift in Sources */,
				7614591D2357394D001038A5 /* StringExtention.swift in Sources */,
				760B6E122355EB4700A57C34 /* UITableViewCellExtention.swift in Sources */,
				7602D4D72327C95400FA9A05 /* CreateAccountViewController.swift in Sources */,
				7602D4CD2327BC3400FA9A05 /* LoginViewController.swift in Sources */,
				761023E72334E4E500650754 /* PhotoAnnotation.swift in Sources */,
				76143133232A2F4F001756A9 /* CategoriesTableViewController.swift in Sources */,
				7602D4F62327E56B00FA9A05 /* OtherViewController.swift in Sources */,
				7605D2BF233B62290054031C /* CachedImageView.swift in Sources */,
				7602D4872327A3D100FA9A05 /* ViewController.swift in Sources */,
				76143141232A6C5E001756A9 /* AddCategoryViewController.swift in Sources */,
				761023EB2334E88F00650754 /* PhotoAnnotationView.swift in Sources */,
				7602D4852327A3D100FA9A05 /* AppDelegate.swift in Sources */,
				7602D4EA2327E54900FA9A05 /* TimeLineViewController.swift in Sources */,
				761023EF2334E8FA00650754 /* CalloutView.swift in Sources */,
				76143138232A30D7001756A9 /* CategoryTableViewCell.swift in Sources */,
				760ED5B2234384CC00CF74AB /* ActiveLabel.swift in Sources */,
				760ED5AE234383EB00CF74AB /* HashtagParser.swift in Sources */,
				769927902338B190002F056E /* PopupViewController.swift in Sources */,
				7699279723392528002F056E /* Custom.swift in Sources */,
			);
			runOnlyForDeploymentPostprocessing = 0;
		};
		7602D4912327A3D300FA9A05 /* Sources */ = {
			isa = PBXSourcesBuildPhase;
			buildActionMask = 2147483647;
			files = (
				769927912338B190002F056E /* PopupViewController.swift in Sources */,
				7614591E2357394D001038A5 /* StringExtention.swift in Sources */,
				7602D4D82327C95400FA9A05 /* CreateAccountViewController.swift in Sources */,
				760ED5B3234384CC00CF74AB /* ActiveLabel.swift in Sources */,
				7699279823392528002F056E /* Custom.swift in Sources */,
				7602D4CE2327BC3400FA9A05 /* LoginViewController.swift in Sources */,
				7602D50F2327EC8700FA9A05 /* MainViewController.swift in Sources */,
				761023F02334E8FA00650754 /* CalloutView.swift in Sources */,
				7602D49A2327A3D300FA9A05 /* PhotoAppTests.swift in Sources */,
				7610C49A233DFD330037943A /* FullImageViewController.swift in Sources */,
				7602D4EB2327E54900FA9A05 /* TimeLineViewController.swift in Sources */,
				760E715D2345E99C005FAE30 /* PhotoTableViewCell.swift in Sources */,
				761023EC2334E88F00650754 /* PhotoAnnotationView.swift in Sources */,
				7614591623571A9D001038A5 /* AboutViewController.swift in Sources */,
				760ED5AF234383EB00CF74AB /* HashtagParser.swift in Sources */,
				7605D2C0233B62290054031C /* CachedImageView.swift in Sources */,
				761023E82334E4E500650754 /* PhotoAnnotation.swift in Sources */,
				76143142232A6C5E001756A9 /* AddCategoryViewController.swift in Sources */,
				76143139232A30D7001756A9 /* CategoryTableViewCell.swift in Sources */,
			);
			runOnlyForDeploymentPostprocessing = 0;
		};
		7602D49C2327A3D300FA9A05 /* Sources */ = {
			isa = PBXSourcesBuildPhase;
			buildActionMask = 2147483647;
			files = (
				769927922338B190002F056E /* PopupViewController.swift in Sources */,
				7614591F2357394D001038A5 /* StringExtention.swift in Sources */,
				7602D4D92327C95400FA9A05 /* CreateAccountViewController.swift in Sources */,
				760ED5B4234384CC00CF74AB /* ActiveLabel.swift in Sources */,
				7699279923392528002F056E /* Custom.swift in Sources */,
				7602D4CF2327BC3400FA9A05 /* LoginViewController.swift in Sources */,
				7602D5102327EC8700FA9A05 /* MainViewController.swift in Sources */,
				761023F12334E8FA00650754 /* CalloutView.swift in Sources */,
				7602D4A52327A3D300FA9A05 /* PhotoAppUITests.swift in Sources */,
				7610C49B233DFD330037943A /* FullImageViewController.swift in Sources */,
				7602D4EC2327E54900FA9A05 /* TimeLineViewController.swift in Sources */,
				760E715E2345E99C005FAE30 /* PhotoTableViewCell.swift in Sources */,
				761023ED2334E88F00650754 /* PhotoAnnotationView.swift in Sources */,
				7614591723571A9D001038A5 /* AboutViewController.swift in Sources */,
				760ED5B0234383EB00CF74AB /* HashtagParser.swift in Sources */,
				7605D2C1233B62290054031C /* CachedImageView.swift in Sources */,
				761023E92334E4E500650754 /* PhotoAnnotation.swift in Sources */,
				76143143232A6C5E001756A9 /* AddCategoryViewController.swift in Sources */,
				7614313A232A30D7001756A9 /* CategoryTableViewCell.swift in Sources */,
			);
			runOnlyForDeploymentPostprocessing = 0;
		};
/* End PBXSourcesBuildPhase section */

/* Begin PBXTargetDependency section */
		7602D4972327A3D300FA9A05 /* PBXTargetDependency */ = {
			isa = PBXTargetDependency;
			target = 7602D4802327A3D100FA9A05 /* PhotoApp */;
			targetProxy = 7602D4962327A3D300FA9A05 /* PBXContainerItemProxy */;
		};
		7602D4A22327A3D300FA9A05 /* PBXTargetDependency */ = {
			isa = PBXTargetDependency;
			target = 7602D4802327A3D100FA9A05 /* PhotoApp */;
			targetProxy = 7602D4A12327A3D300FA9A05 /* PBXContainerItemProxy */;
		};
/* End PBXTargetDependency section */

/* Begin PBXVariantGroup section */
		7602D4882327A3D100FA9A05 /* Main.storyboard */ = {
			isa = PBXVariantGroup;
			children = (
				7602D4892327A3D100FA9A05 /* Base */,
			);
			name = Main.storyboard;
			sourceTree = "<group>";
		};
		7602D48D2327A3D300FA9A05 /* LaunchScreen.storyboard */ = {
			isa = PBXVariantGroup;
			children = (
				7602D48E2327A3D300FA9A05 /* Base */,
			);
			name = LaunchScreen.storyboard;
			sourceTree = "<group>";
		};
/* End PBXVariantGroup section */

/* Begin XCBuildConfiguration section */
		7602D4A72327A3D300FA9A05 /* Debug */ = {
			isa = XCBuildConfiguration;
			buildSettings = {
				ALWAYS_SEARCH_USER_PATHS = NO;
				CLANG_ANALYZER_NONNULL = YES;
				CLANG_ANALYZER_NUMBER_OBJECT_CONVERSION = YES_AGGRESSIVE;
				CLANG_CXX_LANGUAGE_STANDARD = "gnu++14";
				CLANG_CXX_LIBRARY = "libc++";
				CLANG_ENABLE_MODULES = YES;
				CLANG_ENABLE_OBJC_ARC = YES;
				CLANG_ENABLE_OBJC_WEAK = YES;
				CLANG_WARN_BLOCK_CAPTURE_AUTORELEASING = YES;
				CLANG_WARN_BOOL_CONVERSION = YES;
				CLANG_WARN_COMMA = YES;
				CLANG_WARN_CONSTANT_CONVERSION = YES;
				CLANG_WARN_DEPRECATED_OBJC_IMPLEMENTATIONS = YES;
				CLANG_WARN_DIRECT_OBJC_ISA_USAGE = YES_ERROR;
				CLANG_WARN_DOCUMENTATION_COMMENTS = YES;
				CLANG_WARN_EMPTY_BODY = YES;
				CLANG_WARN_ENUM_CONVERSION = YES;
				CLANG_WARN_INFINITE_RECURSION = YES;
				CLANG_WARN_INT_CONVERSION = YES;
				CLANG_WARN_NON_LITERAL_NULL_CONVERSION = YES;
				CLANG_WARN_OBJC_IMPLICIT_RETAIN_SELF = YES;
				CLANG_WARN_OBJC_LITERAL_CONVERSION = YES;
				CLANG_WARN_OBJC_ROOT_CLASS = YES_ERROR;
				CLANG_WARN_RANGE_LOOP_ANALYSIS = YES;
				CLANG_WARN_STRICT_PROTOTYPES = YES;
				CLANG_WARN_SUSPICIOUS_MOVE = YES;
				CLANG_WARN_UNGUARDED_AVAILABILITY = YES_AGGRESSIVE;
				CLANG_WARN_UNREACHABLE_CODE = YES;
				CLANG_WARN__DUPLICATE_METHOD_MATCH = YES;
				CODE_SIGN_IDENTITY = "iPhone Developer";
				COPY_PHASE_STRIP = NO;
				DEBUG_INFORMATION_FORMAT = dwarf;
				ENABLE_STRICT_OBJC_MSGSEND = YES;
				ENABLE_TESTABILITY = YES;
				GCC_C_LANGUAGE_STANDARD = gnu11;
				GCC_DYNAMIC_NO_PIC = NO;
				GCC_NO_COMMON_BLOCKS = YES;
				GCC_OPTIMIZATION_LEVEL = 0;
				GCC_PREPROCESSOR_DEFINITIONS = (
					"DEBUG=1",
					"$(inherited)",
				);
				GCC_WARN_64_TO_32_BIT_CONVERSION = YES;
				GCC_WARN_ABOUT_RETURN_TYPE = YES_ERROR;
				GCC_WARN_UNDECLARED_SELECTOR = YES;
				GCC_WARN_UNINITIALIZED_AUTOS = YES_AGGRESSIVE;
				GCC_WARN_UNUSED_FUNCTION = YES;
				GCC_WARN_UNUSED_VARIABLE = YES;
				IPHONEOS_DEPLOYMENT_TARGET = 12.4;
				MTL_ENABLE_DEBUG_INFO = INCLUDE_SOURCE;
				MTL_FAST_MATH = YES;
				ONLY_ACTIVE_ARCH = YES;
				SDKROOT = iphoneos;
				SWIFT_ACTIVE_COMPILATION_CONDITIONS = DEBUG;
				SWIFT_OPTIMIZATION_LEVEL = "-Onone";
			};
			name = Debug;
		};
		7602D4A82327A3D300FA9A05 /* Release */ = {
			isa = XCBuildConfiguration;
			buildSettings = {
				ALWAYS_SEARCH_USER_PATHS = NO;
				CLANG_ANALYZER_NONNULL = YES;
				CLANG_ANALYZER_NUMBER_OBJECT_CONVERSION = YES_AGGRESSIVE;
				CLANG_CXX_LANGUAGE_STANDARD = "gnu++14";
				CLANG_CXX_LIBRARY = "libc++";
				CLANG_ENABLE_MODULES = YES;
				CLANG_ENABLE_OBJC_ARC = YES;
				CLANG_ENABLE_OBJC_WEAK = YES;
				CLANG_WARN_BLOCK_CAPTURE_AUTORELEASING = YES;
				CLANG_WARN_BOOL_CONVERSION = YES;
				CLANG_WARN_COMMA = YES;
				CLANG_WARN_CONSTANT_CONVERSION = YES;
				CLANG_WARN_DEPRECATED_OBJC_IMPLEMENTATIONS = YES;
				CLANG_WARN_DIRECT_OBJC_ISA_USAGE = YES_ERROR;
				CLANG_WARN_DOCUMENTATION_COMMENTS = YES;
				CLANG_WARN_EMPTY_BODY = YES;
				CLANG_WARN_ENUM_CONVERSION = YES;
				CLANG_WARN_INFINITE_RECURSION = YES;
				CLANG_WARN_INT_CONVERSION = YES;
				CLANG_WARN_NON_LITERAL_NULL_CONVERSION = YES;
				CLANG_WARN_OBJC_IMPLICIT_RETAIN_SELF = YES;
				CLANG_WARN_OBJC_LITERAL_CONVERSION = YES;
				CLANG_WARN_OBJC_ROOT_CLASS = YES_ERROR;
				CLANG_WARN_RANGE_LOOP_ANALYSIS = YES;
				CLANG_WARN_STRICT_PROTOTYPES = YES;
				CLANG_WARN_SUSPICIOUS_MOVE = YES;
				CLANG_WARN_UNGUARDED_AVAILABILITY = YES_AGGRESSIVE;
				CLANG_WARN_UNREACHABLE_CODE = YES;
				CLANG_WARN__DUPLICATE_METHOD_MATCH = YES;
				CODE_SIGN_IDENTITY = "iPhone Developer";
				COPY_PHASE_STRIP = NO;
				DEBUG_INFORMATION_FORMAT = "dwarf-with-dsym";
				ENABLE_NS_ASSERTIONS = NO;
				ENABLE_STRICT_OBJC_MSGSEND = YES;
				GCC_C_LANGUAGE_STANDARD = gnu11;
				GCC_NO_COMMON_BLOCKS = YES;
				GCC_WARN_64_TO_32_BIT_CONVERSION = YES;
				GCC_WARN_ABOUT_RETURN_TYPE = YES_ERROR;
				GCC_WARN_UNDECLARED_SELECTOR = YES;
				GCC_WARN_UNINITIALIZED_AUTOS = YES_AGGRESSIVE;
				GCC_WARN_UNUSED_FUNCTION = YES;
				GCC_WARN_UNUSED_VARIABLE = YES;
				IPHONEOS_DEPLOYMENT_TARGET = 12.4;
				MTL_ENABLE_DEBUG_INFO = NO;
				MTL_FAST_MATH = YES;
				SDKROOT = iphoneos;
				SWIFT_COMPILATION_MODE = wholemodule;
				SWIFT_OPTIMIZATION_LEVEL = "-O";
				VALIDATE_PRODUCT = YES;
			};
			name = Release;
		};
		7602D4AA2327A3D300FA9A05 /* Debug */ = {
			isa = XCBuildConfiguration;
			baseConfigurationReference = F24494985D284BB6BEE24823 /* Pods-PhotoApp.debug.xcconfig */;
			buildSettings = {
				ASSETCATALOG_COMPILER_APPICON_NAME = AppIcon;
				CODE_SIGN_STYLE = Automatic;
				DEVELOPMENT_TEAM = 2CQZFRP8LD;
				INFOPLIST_FILE = PhotoApp/Info.plist;
				IPHONEOS_DEPLOYMENT_TARGET = 13.1;
				LD_RUNPATH_SEARCH_PATHS = (
					"$(inherited)",
					"@executable_path/Frameworks",
				);
				PRODUCT_BUNDLE_IDENTIFIER = com.Izhur.PhotoApp;
				PRODUCT_NAME = "$(TARGET_NAME)";
				SWIFT_VERSION = 5.0;
				TARGETED_DEVICE_FAMILY = 1;
			};
			name = Debug;
		};
		7602D4AB2327A3D300FA9A05 /* Release */ = {
			isa = XCBuildConfiguration;
			baseConfigurationReference = 668E1F7F06AA39194C2C3220 /* Pods-PhotoApp.release.xcconfig */;
			buildSettings = {
				ASSETCATALOG_COMPILER_APPICON_NAME = AppIcon;
				CODE_SIGN_STYLE = Automatic;
				DEVELOPMENT_TEAM = 2CQZFRP8LD;
				INFOPLIST_FILE = PhotoApp/Info.plist;
				IPHONEOS_DEPLOYMENT_TARGET = 13.1;
				LD_RUNPATH_SEARCH_PATHS = (
					"$(inherited)",
					"@executable_path/Frameworks",
				);
				PRODUCT_BUNDLE_IDENTIFIER = com.Izhur.PhotoApp;
				PRODUCT_NAME = "$(TARGET_NAME)";
				SWIFT_VERSION = 5.0;
				TARGETED_DEVICE_FAMILY = 1;
			};
			name = Release;
		};
		7602D4AD2327A3D300FA9A05 /* Debug */ = {
			isa = XCBuildConfiguration;
			baseConfigurationReference = 6AD52ADDE23984B897A8F9FA /* Pods-PhotoAppTests.debug.xcconfig */;
			buildSettings = {
				ALWAYS_EMBED_SWIFT_STANDARD_LIBRARIES = YES;
				BUNDLE_LOADER = "$(TEST_HOST)";
				CODE_SIGN_STYLE = Automatic;
				DEVELOPMENT_TEAM = 2CQZFRP8LD;
				INFOPLIST_FILE = PhotoAppTests/Info.plist;
				LD_RUNPATH_SEARCH_PATHS = (
					"$(inherited)",
					"@executable_path/Frameworks",
					"@loader_path/Frameworks",
				);
				PRODUCT_BUNDLE_IDENTIFIER = com.Izhur.PhotoApp.PhotoAppTests;
				PRODUCT_NAME = "$(TARGET_NAME)";
				SWIFT_VERSION = 5.0;
				TARGETED_DEVICE_FAMILY = "1,2";
				TEST_HOST = "$(BUILT_PRODUCTS_DIR)/PhotoApp.app/PhotoApp";
			};
			name = Debug;
		};
		7602D4AE2327A3D300FA9A05 /* Release */ = {
			isa = XCBuildConfiguration;
			baseConfigurationReference = 9B22CAD5C11C7CA7D0C5BAA7 /* Pods-PhotoAppTests.release.xcconfig */;
			buildSettings = {
				ALWAYS_EMBED_SWIFT_STANDARD_LIBRARIES = YES;
				BUNDLE_LOADER = "$(TEST_HOST)";
				CODE_SIGN_STYLE = Automatic;
				DEVELOPMENT_TEAM = 2CQZFRP8LD;
				INFOPLIST_FILE = PhotoAppTests/Info.plist;
				LD_RUNPATH_SEARCH_PATHS = (
					"$(inherited)",
					"@executable_path/Frameworks",
					"@loader_path/Frameworks",
				);
				PRODUCT_BUNDLE_IDENTIFIER = com.Izhur.PhotoApp.PhotoAppTests;
				PRODUCT_NAME = "$(TARGET_NAME)";
				SWIFT_VERSION = 5.0;
				TARGETED_DEVICE_FAMILY = "1,2";
				TEST_HOST = "$(BUILT_PRODUCTS_DIR)/PhotoApp.app/PhotoApp";
			};
			name = Release;
		};
		7602D4B02327A3D300FA9A05 /* Debug */ = {
			isa = XCBuildConfiguration;
			baseConfigurationReference = B377815364385429E93D2270 /* Pods-PhotoAppUITests.debug.xcconfig */;
			buildSettings = {
				ALWAYS_EMBED_SWIFT_STANDARD_LIBRARIES = YES;
				CODE_SIGN_STYLE = Automatic;
				DEVELOPMENT_TEAM = 2CQZFRP8LD;
				INFOPLIST_FILE = PhotoAppUITests/Info.plist;
				LD_RUNPATH_SEARCH_PATHS = (
					"$(inherited)",
					"@executable_path/Frameworks",
					"@loader_path/Frameworks",
				);
				PRODUCT_BUNDLE_IDENTIFIER = com.Izhur.PhotoApp.PhotoAppUITests;
				PRODUCT_NAME = "$(TARGET_NAME)";
				SWIFT_VERSION = 5.0;
				TARGETED_DEVICE_FAMILY = "1,2";
				TEST_TARGET_NAME = PhotoApp;
			};
			name = Debug;
		};
		7602D4B12327A3D300FA9A05 /* Release */ = {
			isa = XCBuildConfiguration;
			baseConfigurationReference = 7FDD900F66D7BD652996FF5F /* Pods-PhotoAppUITests.release.xcconfig */;
			buildSettings = {
				ALWAYS_EMBED_SWIFT_STANDARD_LIBRARIES = YES;
				CODE_SIGN_STYLE = Automatic;
				DEVELOPMENT_TEAM = 2CQZFRP8LD;
				INFOPLIST_FILE = PhotoAppUITests/Info.plist;
				LD_RUNPATH_SEARCH_PATHS = (
					"$(inherited)",
					"@executable_path/Frameworks",
					"@loader_path/Frameworks",
				);
				PRODUCT_BUNDLE_IDENTIFIER = com.Izhur.PhotoApp.PhotoAppUITests;
				PRODUCT_NAME = "$(TARGET_NAME)";
				SWIFT_VERSION = 5.0;
				TARGETED_DEVICE_FAMILY = "1,2";
				TEST_TARGET_NAME = PhotoApp;
			};
			name = Release;
		};
/* End XCBuildConfiguration section */

/* Begin XCConfigurationList section */
		7602D47C2327A3D100FA9A05 /* Build configuration list for PBXProject "PhotoApp" */ = {
			isa = XCConfigurationList;
			buildConfigurations = (
				7602D4A72327A3D300FA9A05 /* Debug */,
				7602D4A82327A3D300FA9A05 /* Release */,
			);
			defaultConfigurationIsVisible = 0;
			defaultConfigurationName = Release;
		};
		7602D4A92327A3D300FA9A05 /* Build configuration list for PBXNativeTarget "PhotoApp" */ = {
			isa = XCConfigurationList;
			buildConfigurations = (
				7602D4AA2327A3D300FA9A05 /* Debug */,
				7602D4AB2327A3D300FA9A05 /* Release */,
			);
			defaultConfigurationIsVisible = 0;
			defaultConfigurationName = Release;
		};
		7602D4AC2327A3D300FA9A05 /* Build configuration list for PBXNativeTarget "PhotoAppTests" */ = {
			isa = XCConfigurationList;
			buildConfigurations = (
				7602D4AD2327A3D300FA9A05 /* Debug */,
				7602D4AE2327A3D300FA9A05 /* Release */,
			);
			defaultConfigurationIsVisible = 0;
			defaultConfigurationName = Release;
		};
		7602D4AF2327A3D300FA9A05 /* Build configuration list for PBXNativeTarget "PhotoAppUITests" */ = {
			isa = XCConfigurationList;
			buildConfigurations = (
				7602D4B02327A3D300FA9A05 /* Debug */,
				7602D4B12327A3D300FA9A05 /* Release */,
			);
			defaultConfigurationIsVisible = 0;
			defaultConfigurationName = Release;
		};
/* End XCConfigurationList section */
	};
	rootObject = 7602D4792327A3D100FA9A05 /* Project object */;
}
